{
    "name": "test-rxjs",
    "version": "1.0.0",
    "lockfileVersion": 1,
    "requires": true,
    "dependencies": {
        "rxjs": {
            "version": "5.4.3",
            "resolved": "https://registry.npmjs.org/rxjs/-/rxjs-5.4.3.tgz",
            "integrity": "sha512-fSNi+y+P9ss+EZuV0GcIIqPUK07DEaMRUtLJvdcvMyFjc9dizuDjere+A4V7JrLGnm9iCc+nagV/4QdMTkqC4A==",
            "requires": {
                "symbol-observable": "1.0.4"
            }
        },
        "symbol-observable": {
            "version": "1.0.4",
            "resolved": "https://registry.npmjs.org/symbol-observable/-/symbol-observable-1.0.4.tgz",
            "integrity": "sha1-Kb9hXUqnEhvdiYsi1LP5vE4qoD0="
        }
    }
}
